
Microsoft Visual Studio Solution File, Format Version 12.00
# Visual Studio Version 16
VisualStudioVersion = 16.0.31328.270
MinimumVisualStudioVersion = 10.0.40219.1
Project("{FAE04EC0-301F-11D3-BF4B-00C04F79EFBC}") = "WebexBot", "WebexBot\WebexBot.csproj", "{6E2BBB13-D33F-40CA-9187-1DB2087998AA}"
EndProject
Global
	GlobalSection(SolutionConfigurationPlatforms) = preSolution
		Debug|Any CPU = Debug|Any CPU
		Release|Any CPU = Release|Any CPU
	EndGlobalSection
	GlobalSection(ProjectConfigurationPlatforms) = postSolution
		{6E2BBB13-D33F-40CA-9187-1DB2087998AA}.Debug|Any CPU.ActiveCfg = Debug|Any CPU
		{6E2BBB13-D33F-40CA-9187-1DB2087998AA}.Debug|Any CPU.Build.0 = Debug|Any CPU
		{6E2BBB13-D33F-40CA-9187-1DB2087998AA}.Release|Any CPU.ActiveCfg = Release|Any CPU
		{6E2BBB13-D33F-40CA-9187-1DB2087998AA}.Release|Any CPU.Build.0 = Release|Any CPU
	EndGlobalSection
	GlobalSection(SolutionProperties) = preSolution
		HideSolutionNode = FALSE
	EndGlobalSection
	GlobalSection(ExtensibilityGlobals) = postSolution
		SolutionGuid = {88CC488D-C302-43FB-85C2-89F2DEA3A69B}
	EndGlobalSection
EndGlobal
